
Microsoft Visual Studio Solution File, Format Version 12.00
# Visual Studio Version 16
VisualStudioVersion = 16.0.34114.132
MinimumVisualStudioVersion = 10.0.40219.1
Project("{FAE04EC0-301F-11D3-BF4B-00C04F79EFBC}") = "BTL_LTWeb", "BTL_LTWeb\BTL_LTWeb.csproj", "{FD158551-144A-4DAB-BD82-A4560DD7000A}"
EndProject
Global
	GlobalSection(SolutionConfigurationPlatforms) = preSolution
		Debug|Any CPU = Debug|Any CPU
		Release|Any CPU = Release|Any CPU
	EndGlobalSection
	GlobalSection(ProjectConfigurationPlatforms) = postSolution
		{FD158551-144A-4DAB-BD82-A4560DD7000A}.Debug|Any CPU.ActiveCfg = Debug|Any CPU
		{FD158551-144A-4DAB-BD82-A4560DD7000A}.Debug|Any CPU.Build.0 = Debug|Any CPU
		{FD158551-144A-4DAB-BD82-A4560DD7000A}.Release|Any CPU.ActiveCfg = Release|Any CPU
		{FD158551-144A-4DAB-BD82-A4560DD7000A}.Release|Any CPU.Build.0 = Release|Any CPU
	EndGlobalSection
	GlobalSection(SolutionProperties) = preSolution
		HideSolutionNode = FALSE
	EndGlobalSection
	GlobalSection(ExtensibilityGlobals) = postSolution
		SolutionGuid = {B9FB4568-2E4C-4FF4-B61A-EF9C8B997DFA}
	EndGlobalSection
EndGlobal
